
Microsoft Visual Studio Solution File, Format Version 12.00
# Visual Studio Version 16
VisualStudioVersion = 16.0.29806.167
MinimumVisualStudioVersion = 10.0.40219.1
Project("{8BC9CEB8-8B4A-11D0-8D11-00A0C91BC942}") = "lab_7", "lab_7\lab_7.vcxproj", "{A6DB8058-AF1F-4F69-835B-E830D87E5FF6}"
EndProject
Global
	GlobalSection(SolutionConfigurationPlatforms) = preSolution
		Debug|x64 = Debug|x64
		Debug|x86 = Debug|x86
		Release|x64 = Release|x64
		Release|x86 = Release|x86
	EndGlobalSection
	GlobalSection(ProjectConfigurationPlatforms) = postSolution
		{A6DB8058-AF1F-4F69-835B-E830D87E5FF6}.Debug|x64.ActiveCfg = Debug|x64
		{A6DB8058-AF1F-4F69-835B-E830D87E5FF6}.Debug|x64.Build.0 = Debug|x64
		{A6DB8058-AF1F-4F69-835B-E830D87E5FF6}.Debug|x86.ActiveCfg = Debug|Win32
		{A6DB8058-AF1F-4F69-835B-E830D87E5FF6}.Debug|x86.Build.0 = Debug|Win32
		{A6DB8058-AF1F-4F69-835B-E830D87E5FF6}.Release|x64.ActiveCfg = Release|x64
		{A6DB8058-AF1F-4F69-835B-E830D87E5FF6}.Release|x64.Build.0 = Release|x64
		{A6DB8058-AF1F-4F69-835B-E830D87E5FF6}.Release|x86.ActiveCfg = Release|Win32
		{A6DB8058-AF1F-4F69-835B-E830D87E5FF6}.Release|x86.Build.0 = Release|Win32
	EndGlobalSection
	GlobalSection(SolutionProperties) = preSolution
		HideSolutionNode = FALSE
	EndGlobalSection
	GlobalSection(ExtensibilityGlobals) = postSolution
		SolutionGuid = {809554B3-0E65-4F78-B64B-2352ED335E79}
	EndGlobalSection
EndGlobal
